{
    "_readme": [
        "This file locks the dependencies of your project to a known state",
        "Read more about it at https://getcomposer.org/doc/01-basic-usage.md#installing-dependencies",
        "This file is @generated automatically"
    ],
    "content-hash": "68ef5add856e9440889c65a52eb51cab",
    "packages": [
        {
            "name": "improved/iterable",
            "version": "v0.1.4",
            "source": {
                "type": "git",
                "url": "https://github.com/improved-php-library/iterable.git",
                "reference": "4ab425f587708b4632c8f06b9cdce2cad959fa80"
            },
            "dist": {
                "type": "zip",
                "url": "https://api.github.com/repos/improved-php-library/iterable/zipball/4ab425f587708b4632c8f06b9cdce2cad959fa80",
                "reference": "4ab425f587708b4632c8f06b9cdce2cad959fa80",
                "shasum": ""
            },
            "require": {
                "improved/type": "~0.1.0",
                "php": ">=7.2.0"
            },
            "provide": {
                "ext-improved_iterable": "*"
            },
            "require-dev": {
                "jasny/php-code-quality": "~2.3",
                "phpstan/phpstan": "~0.11.0"
            },
            "type": "library",
            "autoload": {
                "psr-4": {
                    "Improved\\Iterator\\": "src/Iterator/",
                    "Improved\\IteratorPipeline\\": "src/IteratorPipeline/"
                },
                "files": [
                    "src/functions-const.php",
                    "src/functions/iterable_after.php",
                    "src/functions/iterable_apply.php",
                    "src/functions/iterable_average.php",
                    "src/functions/iterable_after.php",
                    "src/functions/iterable_before.php",
                    "src/functions/iterable_chunk.php",
                    "src/functions/iterable_cleanup.php",
                    "src/functions/iterable_column.php",
                    "src/functions/iterable_concat.php",
                    "src/functions/iterable_count.php",
                    "src/functions/iterable_expect_type.php",
                    "src/functions/iterable_fill.php",
                    "src/functions/iterable_filter.php",
                    "src/functions/iterable_find.php",
                    "src/functions/iterable_find_key.php",
                    "src/functions/iterable_first.php",
                    "src/functions/iterable_flatten.php",
                    "src/functions/iterable_flip.php",
                    "src/functions/iterable_group.php",
                    "src/functions/iterable_has_all.php",
                    "src/functions/iterable_has_any.php",
                    "src/functions/iterable_has_none.php",
                    "src/functions/iterable_keys.php",
                    "src/functions/iterable_last.php",
                    "src/functions/iterable_map_keys.php",
                    "src/functions/iterable_map.php",
                    "src/functions/iterable_max.php",
                    "src/functions/iterable_min.php",
                    "src/functions/iterable_project.php",
                    "src/functions/iterable_reduce.php",
                    "src/functions/iterable_reshape.php",
                    "src/functions/iterable_reverse.php",
                    "src/functions/iterable_separate.php",
                    "src/functions/iterable_slice.php",
                    "src/functions/iterable_sort_keys.php",
                    "src/functions/iterable_sort.php",
                    "src/functions/iterable_sum.php",
                    "src/functions/iterable_to_array.php",
                    "src/functions/iterable_to_iterator.php",
                    "src/functions/iterable_to_traversable.php",
                    "src/functions/iterable_type_check.php",
                    "src/functions/iterable_type_cast.php",
                    "src/functions/iterable_unique.php",
                    "src/functions/iterable_unwind.php",
                    "src/functions/iterable_values.php",
                    "src/functions/iterable_walk.php"
                ]
            },
            "notification-url": "https://packagist.org/downloads/",
            "license": [
                "MIT"
            ],
            "authors": [
                {
                    "name": "Arnold Daniels",
                    "email": "arnold@jasny.net",
                    "homepage": "http://www.jasny.net"
                }
            ],
            "description": "Functions to interact with arrays, iterators and other traversable objects",
            "time": "2019-06-06T02:25:16+00:00"
        },
        {
            "name": "improved/type",
            "version": "v0.1.1",
            "source": {
                "type": "git",
                "url": "https://github.com/improved-php-library/type.git",
                "reference": "553f6ab8a45d25f56864a00afb30afb2f7272e4b"
            },
            "dist": {
                "type": "zip",
                "url": "https://api.github.com/repos/improved-php-library/type/zipball/553f6ab8a45d25f56864a00afb30afb2f7272e4b",
                "reference": "553f6ab8a45d25f56864a00afb30afb2f7272e4b",
                "shasum": ""
            },
            "require": {
                "php": ">=7.2.0"
            },
            "require-dev": {
                "jasny/php-code-quality": "~2.3"
            },
            "type": "library",
            "autoload": {
                "files": [
                    "src/functions-const.php",
                    "src/functions/internal/type_cast_var.php",
                    "src/functions/internal/type_check_error.php",
                    "src/functions/internal/type_describe_type.php",
                    "src/functions/internal/type_describe_value.php",
                    "src/functions/internal/type_is_internal_func.php",
                    "src/functions/internal/type_join_descriptions.php",
                    "src/functions/type_check.php",
                    "src/functions/type_cast.php",
                    "src/functions/type_describe.php",
                    "src/functions/type_is.php"
                ]
            },
            "notification-url": "https://packagist.org/downloads/",
            "license": [
                "MIT"
            ],
            "authors": [
                {
                    "name": "Arnold Daniels",
                    "email": "arnold@jasny.net",
                    "homepage": "http://www.jasny.net"
                }
            ],
            "description": "Type handling",
            "time": "2019-02-20T21:41:34+00:00"
        },
        {
            "name": "jasny/auth",
            "version": "v2.0.0",
            "source": {
                "type": "git",
                "url": "https://github.com/jasny/auth.git",
                "reference": "4ea8cf3e31287ecfd785e294416b4e4bb7a70eea"
            },
            "dist": {
                "type": "zip",
                "url": "https://api.github.com/repos/jasny/auth/zipball/4ea8cf3e31287ecfd785e294416b4e4bb7a70eea",
                "reference": "4ea8cf3e31287ecfd785e294416b4e4bb7a70eea",
                "shasum": ""
            },
            "require": {
                "ext-ctype": "*",
                "improved/iterable": "^0.1.4",
                "jasny/immutable": "^2.0",
                "nesbot/carbon": "^2.27",
                "php": ">=7.4.0",
                "psr/event-dispatcher": "^1.0",
                "psr/http-factory": "^1.0",
                "psr/http-message": "^1.0",
                "psr/http-server-middleware": "^1.0",
                "psr/log": "^1.1"
            },
            "require-dev": {
                "hashids/hashids": "~2.0.0",
                "jasny/php-code-quality": "~2.6.0"
            },
            "suggest": {
                "hashids/hashids": "For generating confirmation tokens"
            },
            "type": "library",
            "autoload": {
                "psr-4": {
                    "Jasny\\Auth\\": "src/"
                }
            },
            "notification-url": "https://packagist.org/downloads/",
            "license": [
                "MIT"
            ],
            "authors": [
                {
                    "name": "Arnold Daniels",
                    "email": "arnold@jasny.net",
                    "homepage": "http://www.jasny.net"
                }
            ],
            "description": "Authentication and authorization",
            "homepage": "http://jasny.github.com/auth",
            "keywords": [
                "auth"
            ],
            "time": "2020-04-19T04:39:32+00:00"
        },
        {
            "name": "jasny/immutable",
            "version": "v2.1.0",
            "source": {
                "type": "git",
                "url": "https://github.com/jasny/immutable.git",
                "reference": "1a4ffb42bea73ea5d318f39b3a5dd283aec063f9"
            },
            "dist": {
                "type": "zip",
                "url": "https://api.github.com/repos/jasny/immutable/zipball/1a4ffb42bea73ea5d318f39b3a5dd283aec063f9",
                "reference": "1a4ffb42bea73ea5d318f39b3a5dd283aec063f9",
                "shasum": ""
            },
            "require": {
                "php": ">=7.2.0"
            },
            "require-dev": {
                "jasny/php-code-quality": "^2.5"
            },
            "type": "library",
            "autoload": {
                "psr-4": {
                    "Jasny\\Immutable\\": "src/"
                }
            },
            "notification-url": "https://packagist.org/downloads/",
            "license": [
                "MIT"
            ],
            "authors": [
                {
                    "name": "Arnold Daniels",
                    "email": "arnold@jasny.net",
                    "homepage": "http://www.jasny.net"
                }
            ],
            "description": "Helper methods for immutable objects",
            "time": "2020-01-27T09:41:29+00:00"
        },
        {
            "name": "nesbot/carbon",
            "version": "2.34.2",
            "source": {
                "type": "git",
                "url": "https://github.com/briannesbitt/Carbon.git",
                "reference": "3e87404329b8072295ea11d548b47a1eefe5a162"
            },
            "dist": {
                "type": "zip",
                "url": "https://api.github.com/repos/briannesbitt/Carbon/zipball/3e87404329b8072295ea11d548b47a1eefe5a162",
                "reference": "3e87404329b8072295ea11d548b47a1eefe5a162",
                "shasum": ""
            },
            "require": {
                "ext-json": "*",
                "php": "^7.1.8 || ^8.0",
                "symfony/polyfill-mbstring": "^1.0",
                "symfony/translation": "^3.4 || ^4.0 || ^5.0"
            },
            "require-dev": {
                "doctrine/orm": "^2.7",
                "friendsofphp/php-cs-fixer": "^2.14 || ^3.0",
                "kylekatarnls/multi-tester": "^1.1",
                "phpmd/phpmd": "^2.8",
                "phpstan/phpstan": "^0.11",
                "phpunit/phpunit": "^7.5 || ^8.0",
                "squizlabs/php_codesniffer": "^3.4"
            },
            "bin": [
                "bin/carbon"
            ],
            "type": "library",
            "extra": {
                "branch-alias": {
                    "dev-master": "2.x-dev",
                    "dev-3.x": "3.x-dev"
                },
                "laravel": {
                    "providers": [
                        "Carbon\\Laravel\\ServiceProvider"
                    ]
                }
            },
            "autoload": {
                "psr-4": {
                    "Carbon\\": "src/Carbon/"
                }
            },
            "notification-url": "https://packagist.org/downloads/",
            "license": [
                "MIT"
            ],
            "authors": [
                {
                    "name": "Brian Nesbitt",
                    "email": "brian@nesbot.com",
                    "homepage": "http://nesbot.com"
                },
                {
                    "name": "kylekatarnls",
                    "homepage": "http://github.com/kylekatarnls"
                }
            ],
            "description": "An API extension for DateTime that supports 281 different languages.",
            "homepage": "http://carbon.nesbot.com",
            "keywords": [
                "date",
                "datetime",
                "time"
            ],
            "funding": [
                {
                    "url": "https://opencollective.com/Carbon",
                    "type": "open_collective"
                },
                {
                    "url": "https://tidelift.com/funding/github/packagist/nesbot/carbon",
                    "type": "tidelift"
                }
            ],
            "time": "2020-05-19T22:14:16+00:00"
        },
        {
            "name": "psr/event-dispatcher",
            "version": "1.0.0",
            "source": {
                "type": "git",
                "url": "https://github.com/php-fig/event-dispatcher.git",
                "reference": "dbefd12671e8a14ec7f180cab83036ed26714bb0"
            },
            "dist": {
                "type": "zip",
                "url": "https://api.github.com/repos/php-fig/event-dispatcher/zipball/dbefd12671e8a14ec7f180cab83036ed26714bb0",
                "reference": "dbefd12671e8a14ec7f180cab83036ed26714bb0",
                "shasum": ""
            },
            "require": {
                "php": ">=7.2.0"
            },
            "type": "library",
            "extra": {
                "branch-alias": {
                    "dev-master": "1.0.x-dev"
                }
            },
            "autoload": {
                "psr-4": {
                    "Psr\\EventDispatcher\\": "src/"
                }
            },
            "notification-url": "https://packagist.org/downloads/",
            "license": [
                "MIT"
            ],
            "authors": [
                {
                    "name": "PHP-FIG",
                    "homepage": "http://www.php-fig.org/"
                }
            ],
            "description": "Standard interfaces for event handling.",
            "keywords": [
                "events",
                "psr",
                "psr-14"
            ],
            "time": "2019-01-08T18:20:26+00:00"
        },
        {
            "name": "psr/http-factory",
            "version": "1.0.1",
            "source": {
                "type": "git",
                "url": "https://github.com/php-fig/http-factory.git",
                "reference": "12ac7fcd07e5b077433f5f2bee95b3a771bf61be"
            },
            "dist": {
                "type": "zip",
                "url": "https://api.github.com/repos/php-fig/http-factory/zipball/12ac7fcd07e5b077433f5f2bee95b3a771bf61be",
                "reference": "12ac7fcd07e5b077433f5f2bee95b3a771bf61be",
                "shasum": ""
            },
            "require": {
                "php": ">=7.0.0",
                "psr/http-message": "^1.0"
            },
            "type": "library",
            "extra": {
                "branch-alias": {
                    "dev-master": "1.0.x-dev"
                }
            },
            "autoload": {
                "psr-4": {
                    "Psr\\Http\\Message\\": "src/"
                }
            },
            "notification-url": "https://packagist.org/downloads/",
            "license": [
                "MIT"
            ],
            "authors": [
                {
                    "name": "PHP-FIG",
                    "homepage": "http://www.php-fig.org/"
                }
            ],
            "description": "Common interfaces for PSR-7 HTTP message factories",
            "keywords": [
                "factory",
                "http",
                "message",
                "psr",
                "psr-17",
                "psr-7",
                "request",
                "response"
            ],
            "time": "2019-04-30T12:38:16+00:00"
        },
        {
            "name": "psr/http-message",
            "version": "1.0.1",
            "source": {
                "type": "git",
                "url": "https://github.com/php-fig/http-message.git",
                "reference": "f6561bf28d520154e4b0ec72be95418abe6d9363"
            },
            "dist": {
                "type": "zip",
                "url": "https://api.github.com/repos/php-fig/http-message/zipball/f6561bf28d520154e4b0ec72be95418abe6d9363",
                "reference": "f6561bf28d520154e4b0ec72be95418abe6d9363",
                "shasum": ""
            },
            "require": {
                "php": ">=5.3.0"
            },
            "type": "library",
            "extra": {
                "branch-alias": {
                    "dev-master": "1.0.x-dev"
                }
            },
            "autoload": {
                "psr-4": {
                    "Psr\\Http\\Message\\": "src/"
                }
            },
            "notification-url": "https://packagist.org/downloads/",
            "license": [
                "MIT"
            ],
            "authors": [
                {
                    "name": "PHP-FIG",
                    "homepage": "http://www.php-fig.org/"
                }
            ],
            "description": "Common interface for HTTP messages",
            "homepage": "https://github.com/php-fig/http-message",
            "keywords": [
                "http",
                "http-message",
                "psr",
                "psr-7",
                "request",
                "response"
            ],
            "time": "2016-08-06T14:39:51+00:00"
        },
        {
            "name": "psr/http-server-handler",
            "version": "1.0.1",
            "source": {
                "type": "git",
                "url": "https://github.com/php-fig/http-server-handler.git",
                "reference": "aff2f80e33b7f026ec96bb42f63242dc50ffcae7"
            },
            "dist": {
                "type": "zip",
                "url": "https://api.github.com/repos/php-fig/http-server-handler/zipball/aff2f80e33b7f026ec96bb42f63242dc50ffcae7",
                "reference": "aff2f80e33b7f026ec96bb42f63242dc50ffcae7",
                "shasum": ""
            },
            "require": {
                "php": ">=7.0",
                "psr/http-message": "^1.0"
            },
            "type": "library",
            "extra": {
                "branch-alias": {
                    "dev-master": "1.0.x-dev"
                }
            },
            "autoload": {
                "psr-4": {
                    "Psr\\Http\\Server\\": "src/"
                }
            },
            "notification-url": "https://packagist.org/downloads/",
            "license": [
                "MIT"
            ],
            "authors": [
                {
                    "name": "PHP-FIG",
                    "homepage": "http://www.php-fig.org/"
                }
            ],
            "description": "Common interface for HTTP server-side request handler",
            "keywords": [
                "handler",
                "http",
                "http-interop",
                "psr",
                "psr-15",
                "psr-7",
                "request",
                "response",
                "server"
            ],
            "time": "2018-10-30T16:46:14+00:00"
        },
        {
            "name": "psr/http-server-middleware",
            "version": "1.0.1",
            "source": {
                "type": "git",
                "url": "https://github.com/php-fig/http-server-middleware.git",
                "reference": "2296f45510945530b9dceb8bcedb5cb84d40c5f5"
            },
            "dist": {
                "type": "zip",
                "url": "https://api.github.com/repos/php-fig/http-server-middleware/zipball/2296f45510945530b9dceb8bcedb5cb84d40c5f5",
                "reference": "2296f45510945530b9dceb8bcedb5cb84d40c5f5",
                "shasum": ""
            },
            "require": {
                "php": ">=7.0",
                "psr/http-message": "^1.0",
                "psr/http-server-handler": "^1.0"
            },
            "type": "library",
            "extra": {
                "branch-alias": {
                    "dev-master": "1.0.x-dev"
                }
            },
            "autoload": {
                "psr-4": {
                    "Psr\\Http\\Server\\": "src/"
                }
            },
            "notification-url": "https://packagist.org/downloads/",
            "license": [
                "MIT"
            ],
            "authors": [
                {
                    "name": "PHP-FIG",
                    "homepage": "http://www.php-fig.org/"
                }
            ],
            "description": "Common interface for HTTP server-side middleware",
            "keywords": [
                "http",
                "http-interop",
                "middleware",
                "psr",
                "psr-15",
                "psr-7",
                "request",
                "response"
            ],
            "time": "2018-10-30T17:12:04+00:00"
        },
        {
            "name": "psr/log",
            "version": "1.1.3",
            "source": {
                "type": "git",
                "url": "https://github.com/php-fig/log.git",
                "reference": "0f73288fd15629204f9d42b7055f72dacbe811fc"
            },
            "dist": {
                "type": "zip",
                "url": "https://api.github.com/repos/php-fig/log/zipball/0f73288fd15629204f9d42b7055f72dacbe811fc",
                "reference": "0f73288fd15629204f9d42b7055f72dacbe811fc",
                "shasum": ""
            },
            "require": {
                "php": ">=5.3.0"
            },
            "type": "library",
            "extra": {
                "branch-alias": {
                    "dev-master": "1.1.x-dev"
                }
            },
            "autoload": {
                "psr-4": {
                    "Psr\\Log\\": "Psr/Log/"
                }
            },
            "notification-url": "https://packagist.org/downloads/",
            "license": [
                "MIT"
            ],
            "authors": [
                {
                    "name": "PHP-FIG",
                    "homepage": "http://www.php-fig.org/"
                }
            ],
            "description": "Common interface for logging libraries",
            "homepage": "https://github.com/php-fig/log",
            "keywords": [
                "log",
                "psr",
                "psr-3"
            ],
            "time": "2020-03-23T09:12:05+00:00"
        },
        {
            "name": "symfony/polyfill-mbstring",
            "version": "v1.17.0",
            "source": {
                "type": "git",
                "url": "https://github.com/symfony/polyfill-mbstring.git",
                "reference": "fa79b11539418b02fc5e1897267673ba2c19419c"
            },
            "dist": {
                "type": "zip",
                "url": "https://api.github.com/repos/symfony/polyfill-mbstring/zipball/fa79b11539418b02fc5e1897267673ba2c19419c",
                "reference": "fa79b11539418b02fc5e1897267673ba2c19419c",
                "shasum": ""
            },
            "require": {
                "php": ">=5.3.3"
            },
            "suggest": {
                "ext-mbstring": "For best performance"
            },
            "type": "library",
            "extra": {
                "branch-alias": {
                    "dev-master": "1.17-dev"
                }
            },
            "autoload": {
                "psr-4": {
                    "Symfony\\Polyfill\\Mbstring\\": ""
                },
                "files": [
                    "bootstrap.php"
                ]
            },
            "notification-url": "https://packagist.org/downloads/",
            "license": [
                "MIT"
            ],
            "authors": [
                {
                    "name": "Nicolas Grekas",
                    "email": "p@tchwork.com"
                },
                {
                    "name": "Symfony Community",
                    "homepage": "https://symfony.com/contributors"
                }
            ],
            "description": "Symfony polyfill for the Mbstring extension",
            "homepage": "https://symfony.com",
            "keywords": [
                "compatibility",
                "mbstring",
                "polyfill",
                "portable",
                "shim"
            ],
            "funding": [
                {
                    "url": "https://symfony.com/sponsor",
                    "type": "custom"
                },
                {
                    "url": "https://github.com/fabpot",
                    "type": "github"
                },
                {
                    "url": "https://tidelift.com/funding/github/packagist/symfony/symfony",
                    "type": "tidelift"
                }
            ],
            "time": "2020-05-12T16:47:27+00:00"
        },
        {
            "name": "symfony/translation",
            "version": "v5.0.8",
            "source": {
                "type": "git",
                "url": "https://github.com/symfony/translation.git",
                "reference": "c3879db7a68fe3e12b41263b05879412c87b27fd"
            },
            "dist": {
                "type": "zip",
                "url": "https://api.github.com/repos/symfony/translation/zipball/c3879db7a68fe3e12b41263b05879412c87b27fd",
                "reference": "c3879db7a68fe3e12b41263b05879412c87b27fd",
                "shasum": ""
            },
            "require": {
                "php": "^7.2.5",
                "symfony/polyfill-mbstring": "~1.0",
                "symfony/translation-contracts": "^2"
            },
            "conflict": {
                "symfony/config": "<4.4",
                "symfony/dependency-injection": "<5.0",
                "symfony/http-kernel": "<5.0",
                "symfony/twig-bundle": "<5.0",
                "symfony/yaml": "<4.4"
            },
            "provide": {
                "symfony/translation-implementation": "2.0"
            },
            "require-dev": {
                "psr/log": "~1.0",
                "symfony/config": "^4.4|^5.0",
                "symfony/console": "^4.4|^5.0",
                "symfony/dependency-injection": "^5.0",
                "symfony/finder": "^4.4|^5.0",
                "symfony/http-kernel": "^5.0",
                "symfony/intl": "^4.4|^5.0",
                "symfony/service-contracts": "^1.1.2|^2",
                "symfony/yaml": "^4.4|^5.0"
            },
            "suggest": {
                "psr/log-implementation": "To use logging capability in translator",
                "symfony/config": "",
                "symfony/yaml": ""
            },
            "type": "library",
            "extra": {
                "branch-alias": {
                    "dev-master": "5.0-dev"
                }
            },
            "autoload": {
                "psr-4": {
                    "Symfony\\Component\\Translation\\": ""
                },
                "exclude-from-classmap": [
                    "/Tests/"
                ]
            },
            "notification-url": "https://packagist.org/downloads/",
            "license": [
                "MIT"
            ],
            "authors": [
                {
                    "name": "Fabien Potencier",
                    "email": "fabien@symfony.com"
                },
                {
                    "name": "Symfony Community",
                    "homepage": "https://symfony.com/contributors"
                }
            ],
            "description": "Symfony Translation Component",
            "homepage": "https://symfony.com",
            "funding": [
                {
                    "url": "https://symfony.com/sponsor",
                    "type": "custom"
                },
                {
                    "url": "https://github.com/fabpot",
                    "type": "github"
                },
                {
                    "url": "https://tidelift.com/funding/github/packagist/symfony/symfony",
                    "type": "tidelift"
                }
            ],
            "time": "2020-04-12T16:45:47+00:00"
        },
        {
            "name": "symfony/translation-contracts",
            "version": "v2.0.1",
            "source": {
                "type": "git",
                "url": "https://github.com/symfony/translation-contracts.git",
                "reference": "8cc682ac458d75557203b2f2f14b0b92e1c744ed"
            },
            "dist": {
                "type": "zip",
                "url": "https://api.github.com/repos/symfony/translation-contracts/zipball/8cc682ac458d75557203b2f2f14b0b92e1c744ed",
                "reference": "8cc682ac458d75557203b2f2f14b0b92e1c744ed",
                "shasum": ""
            },
            "require": {
                "php": "^7.2.5"
            },
            "suggest": {
                "symfony/translation-implementation": ""
            },
            "type": "library",
            "extra": {
                "branch-alias": {
                    "dev-master": "2.0-dev"
                }
            },
            "autoload": {
                "psr-4": {
                    "Symfony\\Contracts\\Translation\\": ""
                }
            },
            "notification-url": "https://packagist.org/downloads/",
            "license": [
                "MIT"
            ],
            "authors": [
                {
                    "name": "Nicolas Grekas",
                    "email": "p@tchwork.com"
                },
                {
                    "name": "Symfony Community",
                    "homepage": "https://symfony.com/contributors"
                }
            ],
            "description": "Generic abstractions related to translation",
            "homepage": "https://symfony.com",
            "keywords": [
                "abstractions",
                "contracts",
                "decoupling",
                "interfaces",
                "interoperability",
                "standards"
            ],
            "time": "2019-11-18T17:27:11+00:00"
        }
    ],
    "packages-dev": [],
    "aliases": [],
    "minimum-stability": "stable",
    "stability-flags": [],
    "prefer-stable": false,
    "prefer-lowest": false,
    "platform": [],
    "platform-dev": [],
    "plugin-api-version": "1.1.0"
}
